
Microsoft Visual Studio Solution File, Format Version 12.00
# Visual Studio Version 16
VisualStudioVersion = 16.0.31829.152
MinimumVisualStudioVersion = 10.0.40219.1
Project("{9A19103F-16F7-4668-BE54-9A1E7A4F7556}") = "WebApplication2", "WebApplication2.csproj", "{9BDEB9F4-5266-45D5-9979-B6C18C46C9C0}"
EndProject
Global
	GlobalSection(SolutionConfigurationPlatforms) = preSolution
		Debug|Any CPU = Debug|Any CPU
		Release|Any CPU = Release|Any CPU
	EndGlobalSection
	GlobalSection(ProjectConfigurationPlatforms) = postSolution
		{9BDEB9F4-5266-45D5-9979-B6C18C46C9C0}.Debug|Any CPU.ActiveCfg = Debug|Any CPU
		{9BDEB9F4-5266-45D5-9979-B6C18C46C9C0}.Debug|Any CPU.Build.0 = Debug|Any CPU
		{9BDEB9F4-5266-45D5-9979-B6C18C46C9C0}.Release|Any CPU.ActiveCfg = Release|Any CPU
		{9BDEB9F4-5266-45D5-9979-B6C18C46C9C0}.Release|Any CPU.Build.0 = Release|Any CPU
	EndGlobalSection
	GlobalSection(SolutionProperties) = preSolution
		HideSolutionNode = FALSE
	EndGlobalSection
	GlobalSection(ExtensibilityGlobals) = postSolution
		SolutionGuid = {E9E90CCE-3B4F-4205-97B8-2C857F638630}
	EndGlobalSection
EndGlobal
